
Microsoft Visual Studio Solution File, Format Version 12.00
# Visual Studio Version 17
VisualStudioVersion = 17.14.36301.6
MinimumVisualStudioVersion = 10.0.40219.1
Project("{FAE04EC0-301F-11D3-BF4B-00C04F79EFBC}") = "Web", "Web\Web.csproj", "{6A50C70F-7140-4039-AD07-867EFCF35102}"
EndProject
Project("{FAE04EC0-301F-11D3-BF4B-00C04F79EFBC}") = "News.Domain", "News.Domain\News.Domain.csproj", "{D21C448C-C4EA-42B8-A14D-6AACF87DA6C2}"
EndProject
Global
	GlobalSection(SolutionConfigurationPlatforms) = preSolution
		Debug|Any CPU = Debug|Any CPU
		Release|Any CPU = Release|Any CPU
	EndGlobalSection
	GlobalSection(ProjectConfigurationPlatforms) = postSolution
		{6A50C70F-7140-4039-AD07-867EFCF35102}.Debug|Any CPU.ActiveCfg = Debug|Any CPU
		{6A50C70F-7140-4039-AD07-867EFCF35102}.Debug|Any CPU.Build.0 = Debug|Any CPU
		{6A50C70F-7140-4039-AD07-867EFCF35102}.Release|Any CPU.ActiveCfg = Release|Any CPU
		{6A50C70F-7140-4039-AD07-867EFCF35102}.Release|Any CPU.Build.0 = Release|Any CPU
		{D21C448C-C4EA-42B8-A14D-6AACF87DA6C2}.Debug|Any CPU.ActiveCfg = Debug|Any CPU
		{D21C448C-C4EA-42B8-A14D-6AACF87DA6C2}.Debug|Any CPU.Build.0 = Debug|Any CPU
		{D21C448C-C4EA-42B8-A14D-6AACF87DA6C2}.Release|Any CPU.ActiveCfg = Release|Any CPU
		{D21C448C-C4EA-42B8-A14D-6AACF87DA6C2}.Release|Any CPU.Build.0 = Release|Any CPU
	EndGlobalSection
	GlobalSection(SolutionProperties) = preSolution
		HideSolutionNode = FALSE
	EndGlobalSection
	GlobalSection(ExtensibilityGlobals) = postSolution
		SolutionGuid = {5DC07413-6020-4B2A-9B47-747639D004F3}
	EndGlobalSection
EndGlobal
